// !$*UTF8*$!
{
	archiveVersion = 1;
	classes = {
	};
	objectVersion = 50;
	objects = {

/* Begin PBXBuildFile section */
		3DBE8ECD223323DB007EFD19 /* AppDelegate.swift in Sources */ = {isa = PBXBuildFile; fileRef = 3DBE8ECC223323DB007EFD19 /* AppDelegate.swift */; };
		3DBE8ECF223323DB007EFD19 /* ViewController.swift in Sources */ = {isa = PBXBuildFile; fileRef = 3DBE8ECE223323DB007EFD19 /* ViewController.swift */; };
		3DBE8ED2223323DB007EFD19 /* Main.storyboard in Resources */ = {isa = PBXBuildFile; fileRef = 3DBE8ED0223323DB007EFD19 /* Main.storyboard */; };
		3DBE8ED4223323E3007EFD19 /* Assets.xcassets in Resources */ = {isa = PBXBuildFile; fileRef = 3DBE8ED3223323E3007EFD19 /* Assets.xcassets */; };
		3DBE8ED7223323E3007EFD19 /* LaunchScreen.storyboard in Resources */ = {isa = PBXBuildFile; fileRef = 3DBE8ED5223323E3007EFD19 /* LaunchScreen.storyboard */; };
/* End PBXBuildFile section */

/* Begin PBXFileReference section */
		3DBE8EC9223323DB007EFD19 /* MarioKartGestures2.app */ = {isa = PBXFileReference; explicitFileType = wrapper.application; includeInIndex = 0; path = MarioKartGestures2.app; sourceTree = BUILT_PRODUCTS_DIR; };
		3DBE8ECC223323DB007EFD19 /* AppDelegate.swift */ = {isa = PBXFileReference; lastKnownFileType = sourcecode.swift; path = AppDelegate.swift; sourceTree = "<group>"; };
		3DBE8ECE223323DB007EFD19 /* ViewController.swift */ = {isa = PBXFileReference; lastKnownFileType = sourcecode.swift; path = ViewController.swift; sourceTree = "<group>"; };
		3DBE8ED1223323DB007EFD19 /* Base */ = {isa = PBXFileReference; lastKnownFileType = file.storyboard; name = Base; path = Base.lproj/Main.storyboard; sourceTree = "<group>"; };
		3DBE8ED3223323E3007EFD19 /* Assets.xcassets */ = {isa = PBXFileReference; lastKnownFileType = folder.assetcatalog; path = Assets.xcassets; sourceTree = "<group>"; };
		3DBE8ED6223323E3007EFD19 /* Base */ = {isa = PBXFileReference; lastKnownFileType = file.storyboard; name = Base; path = Base.lproj/LaunchScreen.storyboard; sourceTree = "<group>"; };
		3DBE8ED8223323E4007EFD19 /* Info.plist */ = {isa = PBXFileReference; lastKnownFileType = text.plist.xml; path = Info.plist; sourceTree = "<group>"; };
/* End PBXFileReference section */

/* Begin PBXFrameworksBuildPhase section */
		3DBE8EC6223323DB007EFD19 /* Frameworks */ = {
			isa = PBXFrameworksBuildPhase;
			buildActionMask = 2147483647;
			files = (
			);
			runOnlyForDeploymentPostprocessing = 0;
		};
/* End PBXFrameworksBuildPhase section */

/* Begin PBXGroup section */
		3DBE8EC0223323DA007EFD19 = {
			isa = PBXGroup;
			children = (
				3DBE8ECB223323DB007EFD19 /* MarioKartGestures2 */,
				3DBE8ECA223323DB007EFD19 /* Products */,
			);
			sourceTree = "<group>";
		};
		3DBE8ECA223323DB007EFD19 /* Products */ = {
			isa = PBXGroup;
			children = (
				3DBE8EC9223323DB007EFD19 /* MarioKartGestures2.app */,
			);
			name = Products;
			sourceTree = "<group>";
		};
		3DBE8ECB223323DB007EFD19 /* MarioKartGestures2 */ = {
			isa = PBXGroup;
			children = (
				3DBE8ECC223323DB007EFD19 /* AppDelegate.swift */,
				3DBE8ECE223323DB007EFD19 /* ViewController.swift */,
				3DBE8ED0223323DB007EFD19 /* Main.storyboard */,
				3DBE8ED3223323E3007EFD19 /* Assets.xcassets */,
				3DBE8ED5223323E3007EFD19 /* LaunchScreen.storyboard */,
				3DBE8ED8223323E4007EFD19 /* Info.plist */,
			);
			path = MarioKartGestures2;
			sourceTree = "<group>";
		};
/* End PBXGroup section */

/* Begin PBXNativeTarget section */
		3DBE8EC8223323DB007EFD19 /* MarioKartGestures2 */ = {
			isa = PBXNativeTarget;
			buildConfigurationList = 3DBE8EDB223323E4007EFD19 /* Build configuration list for PBXNativeTarget "MarioKartGestures2" */;
			buildPhases = (
				3DBE8EC5223323DB007EFD19 /* Sources */,
				3DBE8EC6223323DB007EFD19 /* Frameworks */,
				3DBE8EC7223323DB007EFD19 /* Resources */,
			);
			buildRules = (
			);
			dependencies = (
			);
			name = MarioKartGestures2;
			productName = MarioKartGestures2;
			productReference = 3DBE8EC9223323DB007EFD19 /* MarioKartGestures2.app */;
			productType = "com.apple.product-type.application";
		};
/* End PBXNativeTarget section */

/* Begin PBXProject section */
		3DBE8EC1223323DA007EFD19 /* Project object */ = {
			isa = PBXProject;
			attributes = {
				LastSwiftUpdateCheck = 1010;
				LastUpgradeCheck = 1010;
				ORGANIZATIONNAME = rachelchen0418;
				TargetAttributes = {
					3DBE8EC8223323DB007EFD19 = {
						CreatedOnToolsVersion = 10.1;
					};
				};
			};
			buildConfigurationList = 3DBE8EC4223323DA007EFD19 /* Build configuration list for PBXProject "MarioKartGestures2" */;
			compatibilityVersion = "Xcode 9.3";
			developmentRegion = en;
			hasScannedForEncodings = 0;
			knownRegions = (
				en,
				Base,
			);
			mainGroup = 3DBE8EC0223323DA007EFD19;
			productRefGroup = 3DBE8ECA223323DB007EFD19 /* Products */;
			projectDirPath = "";
			projectRoot = "";
			targets = (
				3DBE8EC8223323DB007EFD19 /* MarioKartGestures2 */,
			);
		};
/* End PBXProject section */

/* Begin PBXResourcesBuildPhase section */
		3DBE8EC7223323DB007EFD19 /* Resources */ = {
			isa = PBXResourcesBuildPhase;
			buildActionMask = 2147483647;
			files = (
				3DBE8ED7223323E3007EFD19 /* LaunchScreen.storyboard in Resources */,
				3DBE8ED4223323E3007EFD19 /* Assets.xcassets in Resources */,
				3DBE8ED2223323DB007EFD19 /* Main.storyboard in Resources */,
			);
			runOnlyForDeploymentPostprocessing = 0;
		};
/* End PBXResourcesBuildPhase section */

/* Begin PBXSourcesBuildPhase section */
		3DBE8EC5223323DB007EFD19 /* Sources */ = {
			isa = PBXSourcesBuildPhase;
			buildActionMask = 2147483647;
			files = (
				3DBE8ECF223323DB007EFD19 /* ViewController.swift in Sources */,
				3DBE8ECD223323DB007EFD19 /* AppDelegate.swift in Sources */,
			);
			runOnlyForDeploymentPostprocessing = 0;
		};
/* End PBXSourcesBuildPhase section */

/* Begin PBXVariantGroup section */
		3DBE8ED0223323DB007EFD19 /* Main.storyboard */ = {
			isa = PBXVariantGroup;
			children = (
				3DBE8ED1223323DB007EFD19 /* Base */,
			);
			name = Main.storyboard;
			sourceTree = "<group>";
		};
		3DBE8ED5223323E3007EFD19 /* LaunchScreen.storyboard */ = {
			isa = PBXVariantGroup;
			children = (
				3DBE8ED6223323E3007EFD19 /* Base */,
			);
			name = LaunchScreen.storyboard;
			sourceTree = "<group>";
		};
/* End PBXVariantGroup section */

/* Begin XCBuildConfiguration section */
		3DBE8ED9223323E4007EFD19 /* Debug */ = {
			isa = XCBuildConfiguration;
			buildSettings = {
				ALWAYS_SEARCH_USER_PATHS = NO;
				CLANG_ANALYZER_NONNULL = YES;
				CLANG_ANALYZER_NUMBER_OBJECT_CONVERSION = YES_AGGRESSIVE;
				CLANG_CXX_LANGUAGE_STANDARD = "gnu++14";
				CLANG_CXX_LIBRARY = "libc++";
				CLANG_ENABLE_MODULES = YES;
				CLANG_ENABLE_OBJC_ARC = YES;
				CLANG_ENABLE_OBJC_WEAK = YES;
				CLANG_WARN_BLOCK_CAPTURE_AUTORELEASING = YES;
				CLANG_WARN_BOOL_CONVERSION = YES;
				CLANG_WARN_COMMA = YES;
				CLANG_WARN_CONSTANT_CONVERSION = YES;
				CLANG_WARN_DEPRECATED_OBJC_IMPLEMENTATIONS = YES;
				CLANG_WARN_DIRECT_OBJC_ISA_USAGE = YES_ERROR;
				CLANG_WARN_DOCUMENTATION_COMMENTS = YES;
				CLANG_WARN_EMPTY_BODY = YES;
				CLANG_WARN_ENUM_CONVERSION = YES;
				CLANG_WARN_INFINITE_RECURSION = YES;
				CLANG_WARN_INT_CONVERSION = YES;
				CLANG_WARN_NON_LITERAL_NULL_CONVERSION = YES;
				CLANG_WARN_OBJC_IMPLICIT_RETAIN_SELF = YES;
				CLANG_WARN_OBJC_LITERAL_CONVERSION = YES;
				CLANG_WARN_OBJC_ROOT_CLASS = YES_ERROR;
				CLANG_WARN_RANGE_LOOP_ANALYSIS = YES;
				CLANG_WARN_STRICT_PROTOTYPES = YES;
				CLANG_WARN_SUSPICIOUS_MOVE = YES;
				CLANG_WARN_UNGUARDED_AVAILABILITY = YES_AGGRESSIVE;
				CLANG_WARN_UNREACHABLE_CODE = YES;
				CLANG_WARN__DUPLICATE_METHOD_MATCH = YES;
				CODE_SIGN_IDENTITY = "iPhone Developer";
				COPY_PHASE_STRIP = NO;
				DEBUG_INFORMATION_FORMAT = dwarf;
				ENABLE_STRICT_OBJC_MSGSEND = YES;
				ENABLE_TESTABILITY = YES;
				GCC_C_LANGUAGE_STANDARD = gnu11;
				GCC_DYNAMIC_NO_PIC = NO;
				GCC_NO_COMMON_BLOCKS = YES;
				GCC_OPTIMIZATION_LEVEL = 0;
				GCC_PREPROCESSOR_DEFINITIONS = (
					"DEBUG=1",
					"$(inherited)",
				);
				GCC_WARN_64_TO_32_BIT_CONVERSION = YES;
				GCC_WARN_ABOUT_RETURN_TYPE = YES_ERROR;
				GCC_WARN_UNDECLARED_SELECTOR = YES;
				GCC_WARN_UNINITIALIZED_AUTOS = YES_AGGRESSIVE;
				GCC_WARN_UNUSED_FUNCTION = YES;
				GCC_WARN_UNUSED_VARIABLE = YES;
				IPHONEOS_DEPLOYMENT_TARGET = 12.1;
				MTL_ENABLE_DEBUG_INFO = INCLUDE_SOURCE;
				MTL_FAST_MATH = YES;
				ONLY_ACTIVE_ARCH = YES;
				SDKROOT = iphoneos;
				SWIFT_ACTIVE_COMPILATION_CONDITIONS = DEBUG;
				SWIFT_OPTIMIZATION_LEVEL = "-Onone";
			};
			name = Debug;
		};
		3DBE8EDA223323E4007EFD19 /* Release */ = {
			isa = XCBuildConfiguration;
			buildSettings = {
				ALWAYS_SEARCH_USER_PATHS = NO;
				CLANG_ANALYZER_NONNULL = YES;
				CLANG_ANALYZER_NUMBER_OBJECT_CONVERSION = YES_AGGRESSIVE;
				CLANG_CXX_LANGUAGE_STANDARD = "gnu++14";
				CLANG_CXX_LIBRARY = "libc++";
				CLANG_ENABLE_MODULES = YES;
				CLANG_ENABLE_OBJC_ARC = YES;
				CLANG_ENABLE_OBJC_WEAK = YES;
				CLANG_WARN_BLOCK_CAPTURE_AUTORELEASING = YES;
				CLANG_WARN_BOOL_CONVERSION = YES;
				CLANG_WARN_COMMA = YES;
				CLANG_WARN_CONSTANT_CONVERSION = YES;
				CLANG_WARN_DEPRECATED_OBJC_IMPLEMENTATIONS = YES;
				CLANG_WARN_DIRECT_OBJC_ISA_USAGE = YES_ERROR;
				CLANG_WARN_DOCUMENTATION_COMMENTS = YES;
				CLANG_WARN_EMPTY_BODY = YES;
				CLANG_WARN_ENUM_CONVERSION = YES;
				CLANG_WARN_INFINITE_RECURSION = YES;
				CLANG_WARN_INT_CONVERSION = YES;
				CLANG_WARN_NON_LITERAL_NULL_CONVERSION = YES;
				CLANG_WARN_OBJC_IMPLICIT_RETAIN_SELF = YES;
				CLANG_WARN_OBJC_LITERAL_CONVERSION = YES;
				CLANG_WARN_OBJC_ROOT_CLASS = YES_ERROR;
				CLANG_WARN_RANGE_LOOP_ANALYSIS = YES;
				CLANG_WARN_STRICT_PROTOTYPES = YES;
				CLANG_WARN_SUSPICIOUS_MOVE = YES;
				CLANG_WARN_UNGUARDED_AVAILABILITY = YES_AGGRESSIVE;
				CLANG_WARN_UNREACHABLE_CODE = YES;
				CLANG_WARN__DUPLICATE_METHOD_MATCH = YES;
				CODE_SIGN_IDENTITY = "iPhone Developer";
				COPY_PHASE_STRIP = NO;
				DEBUG_INFORMATION_FORMAT = "dwarf-with-dsym";
				ENABLE_NS_ASSERTIONS = NO;
				ENABLE_STRICT_OBJC_MSGSEND = YES;
				GCC_C_LANGUAGE_STANDARD = gnu11;
				GCC_NO_COMMON_BLOCKS = YES;
				GCC_WARN_64_TO_32_BIT_CONVERSION = YES;
				GCC_WARN_ABOUT_RETURN_TYPE = YES_ERROR;
				GCC_WARN_UNDECLARED_SELECTOR = YES;
				GCC_WARN_UNINITIALIZED_AUTOS = YES_AGGRESSIVE;
				GCC_WARN_UNUSED_FUNCTION = YES;
				GCC_WARN_UNUSED_VARIABLE = YES;
				IPHONEOS_DEPLOYMENT_TARGET = 12.1;
				MTL_ENABLE_DEBUG_INFO = NO;
				MTL_FAST_MATH = YES;
				SDKROOT = iphoneos;
				SWIFT_COMPILATION_MODE = wholemodule;
				SWIFT_OPTIMIZATION_LEVEL = "-O";
				VALIDATE_PRODUCT = YES;
			};
			name = Release;
		};
		3DBE8EDC223323E4007EFD19 /* Debug */ = {
			isa = XCBuildConfiguration;
			buildSettings = {
				ASSETCATALOG_COMPILER_APPICON_NAME = AppIcon;
				CODE_SIGN_STYLE = Automatic;
				DEVELOPMENT_TEAM = PPZZ7DWFWF;
				INFOPLIST_FILE = MarioKartGestures2/Info.plist;
				LD_RUNPATH_SEARCH_PATHS = (
					"$(inherited)",
					"@executable_path/Frameworks",
				);
				PRODUCT_BUNDLE_IDENTIFIER = Rae.MarioKartGestures2;
				PRODUCT_NAME = "$(TARGET_NAME)";
				SWIFT_VERSION = 4.2;
				TARGETED_DEVICE_FAMILY = "1,2";
			};
			name = Debug;
		};
		3DBE8EDD223323E4007EFD19 /* Release */ = {
			isa = XCBuildConfiguration;
			buildSettings = {
				ASSETCATALOG_COMPILER_APPICON_NAME = AppIcon;
				CODE_SIGN_STYLE = Automatic;
				DEVELOPMENT_TEAM = PPZZ7DWFWF;
				INFOPLIST_FILE = MarioKartGestures2/Info.plist;
				LD_RUNPATH_SEARCH_PATHS = (
					"$(inherited)",
					"@executable_path/Frameworks",
				);
				PRODUCT_BUNDLE_IDENTIFIER = Rae.MarioKartGestures2;
				PRODUCT_NAME = "$(TARGET_NAME)";
				SWIFT_VERSION = 4.2;
				TARGETED_DEVICE_FAMILY = "1,2";
			};
			name = Release;
		};
/* End XCBuildConfiguration section */

/* Begin XCConfigurationList section */
		3DBE8EC4223323DA007EFD19 /* Build configuration list for PBXProject "MarioKartGestures2" */ = {
			isa = XCConfigurationList;
			buildConfigurations = (
				3DBE8ED9223323E4007EFD19 /* Debug */,
				3DBE8EDA223323E4007EFD19 /* Release */,
			);
			defaultConfigurationIsVisible = 0;
			defaultConfigurationName = Release;
		};
		3DBE8EDB223323E4007EFD19 /* Build configuration list for PBXNativeTarget "MarioKartGestures2" */ = {
			isa = XCConfigurationList;
			buildConfigurations = (
				3DBE8EDC223323E4007EFD19 /* Debug */,
				3DBE8EDD223323E4007EFD19 /* Release */,
			);
			defaultConfigurationIsVisible = 0;
			defaultConfigurationName = Release;
		};
/* End XCConfigurationList section */
	};
	rootObject = 3DBE8EC1223323DA007EFD19 /* Project object */;
}
